{
  "name": "viteWidgets",
  "lockfileVersion": 2,
  "requires": true,
  "packages": {
    "": {
      "dependencies": {
        "vue": "^3.2.45",
        "vue3-moveable": "^0.16.0"
      }
    },
    "node_modules/@babel/parser": {
      "version": "7.20.5",
      "resolved": "https://registry.npmmirror.com/@babel/parser/-/parser-7.20.5.tgz",
      "integrity": "sha512-r27t/cy/m9uKLXQNWWebeCUHgnAZq0CpG1OwKRxzJMP1vpSU4bSIK2hq+/cp0bQxetkXx38n09rNu8jVkcK/zA==",
      "bin": {
        "parser": "bin/babel-parser.js"
      },
      "engines": {
        "node": ">=6.0.0"
      }
    },
    "node_modules/@daybrush/utils": {
      "version": "1.10.0",
      "resolved": "https://registry.npmmirror.com/@daybrush/utils/-/utils-1.10.0.tgz",
      "integrity": "sha512-IDT0DWAGcjxb2+WMr8pHrVTkHVKdilBumX1SubXJUlowN4rMSLphwDxvMNfv+vQOrdCPXSoPVZ3mhfrHsQ9Xow=="
    },
    "node_modules/@egjs/agent": {
      "version": "2.4.3",
      "resolved": "https://registry.npmmirror.com/@egjs/agent/-/agent-2.4.3.tgz",
      "integrity": "sha512-XvksSENe8wPeFlEVouvrOhKdx8HMniJ3by7sro2uPF3M6QqWwjzVcmvwoPtdjiX8O1lfRoLhQMp1a7NGlVTdIA=="
    },
    "node_modules/@egjs/children-differ": {
      "version": "1.0.1",
      "resolved": "https://registry.npmmirror.com/@egjs/children-differ/-/children-differ-1.0.1.tgz",
      "integrity": "sha512-DRvyqMf+CPCOzAopQKHtW+X8iN6Hy6SFol+/7zCUiE5y4P/OB8JP8FtU4NxtZwtafvSL4faD5KoQYPj3JHzPFQ==",
      "dependencies": {
        "@egjs/list-differ": "^1.0.0"
      }
    },
    "node_modules/@egjs/list-differ": {
      "version": "1.0.0",
      "resolved": "https://registry.npmmirror.com/@egjs/list-differ/-/list-differ-1.0.0.tgz",
      "integrity": "sha512-HsbMKc0ZAQH+EUeCmI/2PvTYSybmkaWwakU8QGDYYgMVIg9BQ5sM0A0Nnombjxo2+JzXHxmH+jw//yGX+y6GYw=="
    },
    "node_modules/@scena/dragscroll": {
      "version": "1.3.0",
      "resolved": "https://registry.npmmirror.com/@scena/dragscroll/-/dragscroll-1.3.0.tgz",
      "integrity": "sha512-UlK/g9IX8fJ8+YczqfUT7WDjx/5KKQMU2/uZLYLXV8FWuzWS2WWpt2u1G6KCIF65380oCnCYOs7nOrYpedsOaQ==",
      "dependencies": {
        "@daybrush/utils": "1.6.0",
        "@scena/event-emitter": "^1.0.2"
      }
    },
    "node_modules/@scena/dragscroll/node_modules/@daybrush/utils": {
      "version": "1.6.0",
      "resolved": "https://registry.npmmirror.com/@daybrush/utils/-/utils-1.6.0.tgz",
      "integrity": "sha512-9MjMoOLl1U+l8lXByN3BbLZXf+mktoLyeb6t78Jz2WZ7LRldK0FNg8oW//9giO2hHCUyxS7LX6jS1hToGIfRWA=="
    },
    "node_modules/@scena/event-emitter": {
      "version": "1.0.5",
      "resolved": "https://registry.npmmirror.com/@scena/event-emitter/-/event-emitter-1.0.5.tgz",
      "integrity": "sha512-AzY4OTb0+7ynefmWFQ6hxDdk0CySAq/D4efljfhtRHCOP7MBF9zUfhKG3TJiroVjASqVgkRJFdenS8ArZo6Olg==",
      "dependencies": {
        "@daybrush/utils": "^1.1.1"
      }
    },
    "node_modules/@scena/matrix": {
      "version": "1.1.1",
      "resolved": "https://registry.npmmirror.com/@scena/matrix/-/matrix-1.1.1.tgz",
      "integrity": "sha512-JVKBhN0tm2Srl+Yt+Ywqu0oLgLcdemDQlD1OxmN9jaCTwaFPZ7tY8n6dhVgMEaR9qcR7r+kAlMXnSfNyYdE+Vg==",
      "dependencies": {
        "@daybrush/utils": "^1.4.0"
      }
    },
    "node_modules/@vue/compiler-core": {
      "version": "3.2.45",
      "resolved": "https://registry.npmmirror.com/@vue/compiler-core/-/compiler-core-3.2.45.tgz",
      "integrity": "sha512-rcMj7H+PYe5wBV3iYeUgbCglC+pbpN8hBLTJvRiK2eKQiWqu+fG9F+8sW99JdL4LQi7Re178UOxn09puSXvn4A==",
      "dependencies": {
        "@babel/parser": "^7.16.4",
        "@vue/shared": "3.2.45",
        "estree-walker": "^2.0.2",
        "source-map": "^0.6.1"
      }
    },
    "node_modules/@vue/compiler-dom": {
      "version": "3.2.45",
      "resolved": "https://registry.npmmirror.com/@vue/compiler-dom/-/compiler-dom-3.2.45.tgz",
      "integrity": "sha512-tyYeUEuKqqZO137WrZkpwfPCdiiIeXYCcJ8L4gWz9vqaxzIQRccTSwSWZ/Axx5YR2z+LvpUbmPNXxuBU45lyRw==",
      "dependencies": {
        "@vue/compiler-core": "3.2.45",
        "@vue/shared": "3.2.45"
      }
    },
    "node_modules/@vue/compiler-sfc": {
      "version": "3.2.45",
      "resolved": "https://registry.npmmirror.com/@vue/compiler-sfc/-/compiler-sfc-3.2.45.tgz",
      "integrity": "sha512-1jXDuWah1ggsnSAOGsec8cFjT/K6TMZ0sPL3o3d84Ft2AYZi2jWJgRMjw4iaK0rBfA89L5gw427H4n1RZQBu6Q==",
      "dependencies": {
        "@babel/parser": "^7.16.4",
        "@vue/compiler-core": "3.2.45",
        "@vue/compiler-dom": "3.2.45",
        "@vue/compiler-ssr": "3.2.45",
        "@vue/reactivity-transform": "3.2.45",
        "@vue/shared": "3.2.45",
        "estree-walker": "^2.0.2",
        "magic-string": "^0.25.7",
        "postcss": "^8.1.10",
        "source-map": "^0.6.1"
      }
    },
    "node_modules/@vue/compiler-ssr": {
      "version": "3.2.45",
      "resolved": "https://registry.npmmirror.com/@vue/compiler-ssr/-/compiler-ssr-3.2.45.tgz",
      "integrity": "sha512-6BRaggEGqhWht3lt24CrIbQSRD5O07MTmd+LjAn5fJj568+R9eUD2F7wMQJjX859seSlrYog7sUtrZSd7feqrQ==",
      "dependencies": {
        "@vue/compiler-dom": "3.2.45",
        "@vue/shared": "3.2.45"
      }
    },
    "node_modules/@vue/reactivity": {
      "version": "3.2.45",
      "resolved": "https://registry.npmmirror.com/@vue/reactivity/-/reactivity-3.2.45.tgz",
      "integrity": "sha512-PRvhCcQcyEVohW0P8iQ7HDcIOXRjZfAsOds3N99X/Dzewy8TVhTCT4uXpAHfoKjVTJRA0O0K+6QNkDIZAxNi3A==",
      "dependencies": {
        "@vue/shared": "3.2.45"
      }
    },
    "node_modules/@vue/reactivity-transform": {
      "version": "3.2.45",
      "resolved": "https://registry.npmmirror.com/@vue/reactivity-transform/-/reactivity-transform-3.2.45.tgz",
      "integrity": "sha512-BHVmzYAvM7vcU5WmuYqXpwaBHjsS8T63jlKGWVtHxAHIoMIlmaMyurUSEs1Zcg46M4AYT5MtB1U274/2aNzjJQ==",
      "dependencies": {
        "@babel/parser": "^7.16.4",
        "@vue/compiler-core": "3.2.45",
        "@vue/shared": "3.2.45",
        "estree-walker": "^2.0.2",
        "magic-string": "^0.25.7"
      }
    },
    "node_modules/@vue/runtime-core": {
      "version": "3.2.45",
      "resolved": "https://registry.npmmirror.com/@vue/runtime-core/-/runtime-core-3.2.45.tgz",
      "integrity": "sha512-gzJiTA3f74cgARptqzYswmoQx0fIA+gGYBfokYVhF8YSXjWTUA2SngRzZRku2HbGbjzB6LBYSbKGIaK8IW+s0A==",
      "dependencies": {
        "@vue/reactivity": "3.2.45",
        "@vue/shared": "3.2.45"
      }
    },
    "node_modules/@vue/runtime-dom": {
      "version": "3.2.45",
      "resolved": "https://registry.npmmirror.com/@vue/runtime-dom/-/runtime-dom-3.2.45.tgz",
      "integrity": "sha512-cy88YpfP5Ue2bDBbj75Cb4bIEZUMM/mAkDMfqDTpUYVgTf/kuQ2VQ8LebuZ8k6EudgH8pYhsGWHlY0lcxlvTwA==",
      "dependencies": {
        "@vue/runtime-core": "3.2.45",
        "@vue/shared": "3.2.45",
        "csstype": "^2.6.8"
      }
    },
    "node_modules/@vue/server-renderer": {
      "version": "3.2.45",
      "resolved": "https://registry.npmmirror.com/@vue/server-renderer/-/server-renderer-3.2.45.tgz",
      "integrity": "sha512-ebiMq7q24WBU1D6uhPK//2OTR1iRIyxjF5iVq/1a5I1SDMDyDu4Ts6fJaMnjrvD3MqnaiFkKQj+LKAgz5WIK3g==",
      "dependencies": {
        "@vue/compiler-ssr": "3.2.45",
        "@vue/shared": "3.2.45"
      },
      "peerDependencies": {
        "vue": "3.2.45"
      }
    },
    "node_modules/@vue/shared": {
      "version": "3.2.45",
      "resolved": "https://registry.npmmirror.com/@vue/shared/-/shared-3.2.45.tgz",
      "integrity": "sha512-Ewzq5Yhimg7pSztDV+RH1UDKBzmtqieXQlpTVm2AwraoRL/Rks96mvd8Vgi7Lj+h+TH8dv7mXD3FRZR3TUvbSg=="
    },
    "node_modules/css-styled": {
      "version": "1.0.1",
      "resolved": "https://registry.npmmirror.com/css-styled/-/css-styled-1.0.1.tgz",
      "integrity": "sha512-psJCbNDPPusDBWH/gszP6BetPh577QaqpvaysTNPitxX0nxdGiTgELiOCus0gZ0yXk3gvjShBrFP07nvn58/TQ==",
      "dependencies": {
        "@daybrush/utils": "^1.0.0",
        "string-hash": "^1.1.3"
      },
      "peerDependencies": {
        "@daybrush/utils": ">=1.0.0"
      }
    },
    "node_modules/css-to-mat": {
      "version": "1.0.3",
      "resolved": "https://registry.npmmirror.com/css-to-mat/-/css-to-mat-1.0.3.tgz",
      "integrity": "sha512-HADRhVqPc8wFqEp6ClK+uuPYg+FMBinNo2ReLyI/KQCncmHPJ60o5zldyJG7NjsTqXWbdfGJO51jnoxfMvWJiA==",
      "dependencies": {
        "@daybrush/utils": "^1.3.1",
        "@scena/matrix": "^1.0.0"
      }
    },
    "node_modules/csstype": {
      "version": "2.6.21",
      "resolved": "https://registry.npmmirror.com/csstype/-/csstype-2.6.21.tgz",
      "integrity": "sha512-Z1PhmomIfypOpoMjRQB70jfvy/wxT50qW08YXO5lMIJkrdq4yOTR+AW7FqutScmB9NkLwxo+jU+kZLbofZZq/w=="
    },
    "node_modules/estree-walker": {
      "version": "2.0.2",
      "resolved": "https://registry.npmmirror.com/estree-walker/-/estree-walker-2.0.2.tgz",
      "integrity": "sha512-Rfkk/Mp/DL7JVje3u18FxFujQlTNR2q6QfMSMB7AvCBx91NGj/ba3kCfza0f6dVDbw7YlRf/nDrn7pQrCCyQ/w=="
    },
    "node_modules/framework-utils": {
      "version": "1.1.0",
      "resolved": "https://registry.npmmirror.com/framework-utils/-/framework-utils-1.1.0.tgz",
      "integrity": "sha512-KAfqli5PwpFJ8o3psRNs8svpMGyCSAe8nmGcjQ0zZBWN2H6dZDnq+ABp3N3hdUmFeMrLtjOCTXD4yplUJIWceg=="
    },
    "node_modules/gesto": {
      "version": "1.14.0",
      "resolved": "https://registry.npmmirror.com/gesto/-/gesto-1.14.0.tgz",
      "integrity": "sha512-b89RyxAQb65t0HVJHPWi1+Ren66QoMaXpV5do3k7LRJAwunESYlJr520/4pNrMQGUkqopLMZjEceUE2uBqcgeQ==",
      "dependencies": {
        "@daybrush/utils": "^1.7.1",
        "@scena/event-emitter": "^1.0.2"
      }
    },
    "node_modules/magic-string": {
      "version": "0.25.9",
      "resolved": "https://registry.npmmirror.com/magic-string/-/magic-string-0.25.9.tgz",
      "integrity": "sha512-RmF0AsMzgt25qzqqLc1+MbHmhdx0ojF2Fvs4XnOqz2ZOBXzzkEwc/dJQZCYHAn7v1jbVOjAZfK8msRn4BxO4VQ==",
      "dependencies": {
        "sourcemap-codec": "^1.4.8"
      }
    },
    "node_modules/moveable": {
      "version": "0.41.0",
      "resolved": "https://registry.npmmirror.com/moveable/-/moveable-0.41.0.tgz",
      "integrity": "sha512-n6diMaRdB66CrF+ywLfOBk9lzgKDXWfsi3lzygvOSq7CohtGn9uJlIemevnZyf4UyLuwAmpI7wbnZr+DTvrq6Q==",
      "dependencies": {
        "@scena/event-emitter": "^1.0.5",
        "react-compat-moveable": "~0.29.0",
        "react-moveable": "~0.44.0",
        "react-simple-compat": "^1.2.3"
      }
    },
    "node_modules/nanoid": {
      "version": "3.3.4",
      "resolved": "https://registry.npmmirror.com/nanoid/-/nanoid-3.3.4.tgz",
      "integrity": "sha512-MqBkQh/OHTS2egovRtLk45wEyNXwF+cokD+1YPf9u5VfJiRdAiRwB2froX5Co9Rh20xs4siNPm8naNotSD6RBw==",
      "bin": {
        "nanoid": "bin/nanoid.cjs"
      },
      "engines": {
        "node": "^10 || ^12 || ^13.7 || ^14 || >=15.0.1"
      }
    },
    "node_modules/overlap-area": {
      "version": "1.1.0",
      "resolved": "https://registry.npmmirror.com/overlap-area/-/overlap-area-1.1.0.tgz",
      "integrity": "sha512-3dlJgJCaVeXH0/eZjYVJvQiLVVrPO4U1ZGqlATtx6QGO3b5eNM6+JgUKa7oStBTdYuGTk7gVoABCW6Tp+dhRdw==",
      "dependencies": {
        "@daybrush/utils": "^1.7.1"
      }
    },
    "node_modules/picocolors": {
      "version": "1.0.0",
      "resolved": "https://registry.npmmirror.com/picocolors/-/picocolors-1.0.0.tgz",
      "integrity": "sha512-1fygroTLlHu66zi26VoTDv8yRgm0Fccecssto+MhsZ0D/DGW2sm8E8AjW7NU5VVTRt5GxbeZ5qBuJr+HyLYkjQ=="
    },
    "node_modules/postcss": {
      "version": "8.4.19",
      "resolved": "https://registry.npmmirror.com/postcss/-/postcss-8.4.19.tgz",
      "integrity": "sha512-h+pbPsyhlYj6N2ozBmHhHrs9DzGmbaarbLvWipMRO7RLS+v4onj26MPFXA5OBYFxyqYhUJK456SwDcY9H2/zsA==",
      "dependencies": {
        "nanoid": "^3.3.4",
        "picocolors": "^1.0.0",
        "source-map-js": "^1.0.2"
      },
      "engines": {
        "node": "^10 || ^12 || >=14"
      }
    },
    "node_modules/react-compat-css-styled": {
      "version": "1.0.9",
      "resolved": "https://registry.npmmirror.com/react-compat-css-styled/-/react-compat-css-styled-1.0.9.tgz",
      "integrity": "sha512-YpUgTpXU1wR58aPQJVGAWq6QeEFWkafV0qq4Y8KRUwpQJLbJF2GYu5ZQ/kafHGvN3dqQX2e340NlNZ+zbZZv2w==",
      "dependencies": {
        "@daybrush/utils": "^1.0.0",
        "css-styled": "^1.0.0",
        "framework-utils": "^1.1.0",
        "react-css-styled": "~1.0.4"
      }
    },
    "node_modules/react-compat-moveable": {
      "version": "0.29.0",
      "resolved": "https://registry.npmmirror.com/react-compat-moveable/-/react-compat-moveable-0.29.0.tgz",
      "integrity": "sha512-VhNLPaeHDyUEPsAjJ/bIORzIboYS9ivZepD7j2t3FpCYz7V9Rt9aluvEaPYiLPPrvNo96UBgYE2ym+JNAaY2cQ==",
      "dependencies": {
        "@daybrush/utils": "^1.10.0",
        "@egjs/agent": "^2.2.1",
        "@egjs/children-differ": "^1.0.1",
        "@egjs/list-differ": "^1.0.0",
        "@scena/dragscroll": "^1.3.0",
        "@scena/event-emitter": "^1.0.5",
        "@scena/matrix": "^1.1.1",
        "css-to-mat": "^1.0.3",
        "framework-utils": "^1.1.0",
        "gesto": "^1.14.0",
        "overlap-area": "^1.1.0",
        "react-compat-css-styled": "^1.0.9",
        "react-css-styled": "^1.0.4",
        "react-moveable": "~0.44.0"
      }
    },
    "node_modules/react-css-styled": {
      "version": "1.0.4",
      "resolved": "https://registry.npmmirror.com/react-css-styled/-/react-css-styled-1.0.4.tgz",
      "integrity": "sha512-nRske1bAKOCaf7Gf3o76tKQFIYggaW1qH4rutBlitH5lYnRPA7WoAYKrcxqdUPZd00oASg3SvFZSh3Mc1Wvj3w==",
      "dependencies": {
        "css-styled": "~1.0.1",
        "framework-utils": "^1.1.0"
      }
    },
    "node_modules/react-moveable": {
      "version": "0.44.0",
      "resolved": "https://registry.npmmirror.com/react-moveable/-/react-moveable-0.44.0.tgz",
      "integrity": "sha512-r8e33GH0voiw7bTBfPqgf1ZpVrpWc0Ek/wGU4cTH8gmgEA0F2mi30h3bhccu8Ti6qWDkEqHh09ZHpuIY2ks+3A==",
      "dependencies": {
        "@daybrush/utils": "^1.10.0",
        "@egjs/agent": "^2.2.1",
        "@egjs/children-differ": "^1.0.1",
        "@egjs/list-differ": "^1.0.0",
        "@scena/dragscroll": "^1.3.0",
        "@scena/event-emitter": "^1.0.5",
        "@scena/matrix": "^1.1.1",
        "css-to-mat": "^1.0.3",
        "framework-utils": "^1.1.0",
        "gesto": "^1.14.0",
        "overlap-area": "^1.1.0",
        "react-css-styled": "^1.0.4"
      }
    },
    "node_modules/react-simple-compat": {
      "version": "1.2.3",
      "resolved": "https://registry.npmmirror.com/react-simple-compat/-/react-simple-compat-1.2.3.tgz",
      "integrity": "sha512-vYepRjSriGRyEmFtSsTQoHWVQRbBMYR4ONATeZtuf8GDY8jWGkc6R4+lIb5rVhPBIkx3ru68bpl+9r8V4YA/nA==",
      "dependencies": {
        "@daybrush/utils": "^1.0.0",
        "@egjs/list-differ": "^1.0.0"
      }
    },
    "node_modules/source-map": {
      "version": "0.6.1",
      "resolved": "https://registry.npmmirror.com/source-map/-/source-map-0.6.1.tgz",
      "integrity": "sha512-UjgapumWlbMhkBgzT7Ykc5YXUT46F0iKu8SGXq0bcwP5dz/h0Plj6enJqjz1Zbq2l5WaqYnrVbwWOWMyF3F47g==",
      "engines": {
        "node": ">=0.10.0"
      }
    },
    "node_modules/source-map-js": {
      "version": "1.0.2",
      "resolved": "https://registry.npmmirror.com/source-map-js/-/source-map-js-1.0.2.tgz",
      "integrity": "sha512-R0XvVJ9WusLiqTCEiGCmICCMplcCkIwwR11mOSD9CR5u+IXYdiseeEuXCVAjS54zqwkLcPNnmU4OeJ6tUrWhDw==",
      "engines": {
        "node": ">=0.10.0"
      }
    },
    "node_modules/sourcemap-codec": {
      "version": "1.4.8",
      "resolved": "https://registry.npmmirror.com/sourcemap-codec/-/sourcemap-codec-1.4.8.tgz",
      "integrity": "sha512-9NykojV5Uih4lgo5So5dtw+f0JgJX30KCNI8gwhz2J9A15wD0Ml6tjHKwf6fTSa6fAdVBdZeNOs9eJ71qCk8vA==",
      "deprecated": "Please use @jridgewell/sourcemap-codec instead"
    },
    "node_modules/string-hash": {
      "version": "1.1.3",
      "resolved": "https://registry.npmmirror.com/string-hash/-/string-hash-1.1.3.tgz",
      "integrity": "sha512-kJUvRUFK49aub+a7T1nNE66EJbZBMnBgoC1UbCZ5n6bsZKBRga4KgBRTMn/pFkeCZSYtNeSyMxPDM0AXWELk2A=="
    },
    "node_modules/vue": {
      "version": "3.2.45",
      "resolved": "https://registry.npmmirror.com/vue/-/vue-3.2.45.tgz",
      "integrity": "sha512-9Nx/Mg2b2xWlXykmCwiTUCWHbWIj53bnkizBxKai1g61f2Xit700A1ljowpTIM11e3uipOeiPcSqnmBg6gyiaA==",
      "dependencies": {
        "@vue/compiler-dom": "3.2.45",
        "@vue/compiler-sfc": "3.2.45",
        "@vue/runtime-dom": "3.2.45",
        "@vue/server-renderer": "3.2.45",
        "@vue/shared": "3.2.45"
      }
    },
    "node_modules/vue3-moveable": {
      "version": "0.16.0",
      "resolved": "https://registry.npmmirror.com/vue3-moveable/-/vue3-moveable-0.16.0.tgz",
      "integrity": "sha512-M1ZYnP6eClWRXfQePcTso96qy8fqwxrER+icLVX4FdYwFmOoE/D/67nTvB2r7NlbqcO+d2wxzZ1PyNeBMB4sRA==",
      "dependencies": {
        "framework-utils": "^1.1.0",
        "moveable": "~0.41.0"
      }
    }
  },
  "dependencies": {
    "@babel/parser": {
      "version": "7.20.5",
      "resolved": "https://registry.npmmirror.com/@babel/parser/-/parser-7.20.5.tgz",
      "integrity": "sha512-r27t/cy/m9uKLXQNWWebeCUHgnAZq0CpG1OwKRxzJMP1vpSU4bSIK2hq+/cp0bQxetkXx38n09rNu8jVkcK/zA=="
    },
    "@daybrush/utils": {
      "version": "1.10.0",
      "resolved": "https://registry.npmmirror.com/@daybrush/utils/-/utils-1.10.0.tgz",
      "integrity": "sha512-IDT0DWAGcjxb2+WMr8pHrVTkHVKdilBumX1SubXJUlowN4rMSLphwDxvMNfv+vQOrdCPXSoPVZ3mhfrHsQ9Xow=="
    },
    "@egjs/agent": {
      "version": "2.4.3",
      "resolved": "https://registry.npmmirror.com/@egjs/agent/-/agent-2.4.3.tgz",
      "integrity": "sha512-XvksSENe8wPeFlEVouvrOhKdx8HMniJ3by7sro2uPF3M6QqWwjzVcmvwoPtdjiX8O1lfRoLhQMp1a7NGlVTdIA=="
    },
    "@egjs/children-differ": {
      "version": "1.0.1",
      "resolved": "https://registry.npmmirror.com/@egjs/children-differ/-/children-differ-1.0.1.tgz",
      "integrity": "sha512-DRvyqMf+CPCOzAopQKHtW+X8iN6Hy6SFol+/7zCUiE5y4P/OB8JP8FtU4NxtZwtafvSL4faD5KoQYPj3JHzPFQ==",
      "requires": {
        "@egjs/list-differ": "^1.0.0"
      }
    },
    "@egjs/list-differ": {
      "version": "1.0.0",
      "resolved": "https://registry.npmmirror.com/@egjs/list-differ/-/list-differ-1.0.0.tgz",
      "integrity": "sha512-HsbMKc0ZAQH+EUeCmI/2PvTYSybmkaWwakU8QGDYYgMVIg9BQ5sM0A0Nnombjxo2+JzXHxmH+jw//yGX+y6GYw=="
    },
    "@scena/dragscroll": {
      "version": "1.3.0",
      "resolved": "https://registry.npmmirror.com/@scena/dragscroll/-/dragscroll-1.3.0.tgz",
      "integrity": "sha512-UlK/g9IX8fJ8+YczqfUT7WDjx/5KKQMU2/uZLYLXV8FWuzWS2WWpt2u1G6KCIF65380oCnCYOs7nOrYpedsOaQ==",
      "requires": {
        "@daybrush/utils": "1.6.0",
        "@scena/event-emitter": "^1.0.2"
      },
      "dependencies": {
        "@daybrush/utils": {
          "version": "1.6.0",
          "resolved": "https://registry.npmmirror.com/@daybrush/utils/-/utils-1.6.0.tgz",
          "integrity": "sha512-9MjMoOLl1U+l8lXByN3BbLZXf+mktoLyeb6t78Jz2WZ7LRldK0FNg8oW//9giO2hHCUyxS7LX6jS1hToGIfRWA=="
        }
      }
    },
    "@scena/event-emitter": {
      "version": "1.0.5",
      "resolved": "https://registry.npmmirror.com/@scena/event-emitter/-/event-emitter-1.0.5.tgz",
      "integrity": "sha512-AzY4OTb0+7ynefmWFQ6hxDdk0CySAq/D4efljfhtRHCOP7MBF9zUfhKG3TJiroVjASqVgkRJFdenS8ArZo6Olg==",
      "requires": {
        "@daybrush/utils": "^1.1.1"
      }
    },
    "@scena/matrix": {
      "version": "1.1.1",
      "resolved": "https://registry.npmmirror.com/@scena/matrix/-/matrix-1.1.1.tgz",
      "integrity": "sha512-JVKBhN0tm2Srl+Yt+Ywqu0oLgLcdemDQlD1OxmN9jaCTwaFPZ7tY8n6dhVgMEaR9qcR7r+kAlMXnSfNyYdE+Vg==",
      "requires": {
        "@daybrush/utils": "^1.4.0"
      }
    },
    "@vue/compiler-core": {
      "version": "3.2.45",
      "resolved": "https://registry.npmmirror.com/@vue/compiler-core/-/compiler-core-3.2.45.tgz",
      "integrity": "sha512-rcMj7H+PYe5wBV3iYeUgbCglC+pbpN8hBLTJvRiK2eKQiWqu+fG9F+8sW99JdL4LQi7Re178UOxn09puSXvn4A==",
      "requires": {
        "@babel/parser": "^7.16.4",
        "@vue/shared": "3.2.45",
        "estree-walker": "^2.0.2",
        "source-map": "^0.6.1"
      }
    },
    "@vue/compiler-dom": {
      "version": "3.2.45",
      "resolved": "https://registry.npmmirror.com/@vue/compiler-dom/-/compiler-dom-3.2.45.tgz",
      "integrity": "sha512-tyYeUEuKqqZO137WrZkpwfPCdiiIeXYCcJ8L4gWz9vqaxzIQRccTSwSWZ/Axx5YR2z+LvpUbmPNXxuBU45lyRw==",
      "requires": {
        "@vue/compiler-core": "3.2.45",
        "@vue/shared": "3.2.45"
      }
    },
    "@vue/compiler-sfc": {
      "version": "3.2.45",
      "resolved": "https://registry.npmmirror.com/@vue/compiler-sfc/-/compiler-sfc-3.2.45.tgz",
      "integrity": "sha512-1jXDuWah1ggsnSAOGsec8cFjT/K6TMZ0sPL3o3d84Ft2AYZi2jWJgRMjw4iaK0rBfA89L5gw427H4n1RZQBu6Q==",
      "requires": {
        "@babel/parser": "^7.16.4",
        "@vue/compiler-core": "3.2.45",
        "@vue/compiler-dom": "3.2.45",
        "@vue/compiler-ssr": "3.2.45",
        "@vue/reactivity-transform": "3.2.45",
        "@vue/shared": "3.2.45",
        "estree-walker": "^2.0.2",
        "magic-string": "^0.25.7",
        "postcss": "^8.1.10",
        "source-map": "^0.6.1"
      }
    },
    "@vue/compiler-ssr": {
      "version": "3.2.45",
      "resolved": "https://registry.npmmirror.com/@vue/compiler-ssr/-/compiler-ssr-3.2.45.tgz",
      "integrity": "sha512-6BRaggEGqhWht3lt24CrIbQSRD5O07MTmd+LjAn5fJj568+R9eUD2F7wMQJjX859seSlrYog7sUtrZSd7feqrQ==",
      "requires": {
        "@vue/compiler-dom": "3.2.45",
        "@vue/shared": "3.2.45"
      }
    },
    "@vue/reactivity": {
      "version": "3.2.45",
      "resolved": "https://registry.npmmirror.com/@vue/reactivity/-/reactivity-3.2.45.tgz",
      "integrity": "sha512-PRvhCcQcyEVohW0P8iQ7HDcIOXRjZfAsOds3N99X/Dzewy8TVhTCT4uXpAHfoKjVTJRA0O0K+6QNkDIZAxNi3A==",
      "requires": {
        "@vue/shared": "3.2.45"
      }
    },
    "@vue/reactivity-transform": {
      "version": "3.2.45",
      "resolved": "https://registry.npmmirror.com/@vue/reactivity-transform/-/reactivity-transform-3.2.45.tgz",
      "integrity": "sha512-BHVmzYAvM7vcU5WmuYqXpwaBHjsS8T63jlKGWVtHxAHIoMIlmaMyurUSEs1Zcg46M4AYT5MtB1U274/2aNzjJQ==",
      "requires": {
        "@babel/parser": "^7.16.4",
        "@vue/compiler-core": "3.2.45",
        "@vue/shared": "3.2.45",
        "estree-walker": "^2.0.2",
        "magic-string": "^0.25.7"
      }
    },
    "@vue/runtime-core": {
      "version": "3.2.45",
      "resolved": "https://registry.npmmirror.com/@vue/runtime-core/-/runtime-core-3.2.45.tgz",
      "integrity": "sha512-gzJiTA3f74cgARptqzYswmoQx0fIA+gGYBfokYVhF8YSXjWTUA2SngRzZRku2HbGbjzB6LBYSbKGIaK8IW+s0A==",
      "requires": {
        "@vue/reactivity": "3.2.45",
        "@vue/shared": "3.2.45"
      }
    },
    "@vue/runtime-dom": {
      "version": "3.2.45",
      "resolved": "https://registry.npmmirror.com/@vue/runtime-dom/-/runtime-dom-3.2.45.tgz",
      "integrity": "sha512-cy88YpfP5Ue2bDBbj75Cb4bIEZUMM/mAkDMfqDTpUYVgTf/kuQ2VQ8LebuZ8k6EudgH8pYhsGWHlY0lcxlvTwA==",
      "requires": {
        "@vue/runtime-core": "3.2.45",
        "@vue/shared": "3.2.45",
        "csstype": "^2.6.8"
      }
    },
    "@vue/server-renderer": {
      "version": "3.2.45",
      "resolved": "https://registry.npmmirror.com/@vue/server-renderer/-/server-renderer-3.2.45.tgz",
      "integrity": "sha512-ebiMq7q24WBU1D6uhPK//2OTR1iRIyxjF5iVq/1a5I1SDMDyDu4Ts6fJaMnjrvD3MqnaiFkKQj+LKAgz5WIK3g==",
      "requires": {
        "@vue/compiler-ssr": "3.2.45",
        "@vue/shared": "3.2.45"
      }
    },
    "@vue/shared": {
      "version": "3.2.45",
      "resolved": "https://registry.npmmirror.com/@vue/shared/-/shared-3.2.45.tgz",
      "integrity": "sha512-Ewzq5Yhimg7pSztDV+RH1UDKBzmtqieXQlpTVm2AwraoRL/Rks96mvd8Vgi7Lj+h+TH8dv7mXD3FRZR3TUvbSg=="
    },
    "css-styled": {
      "version": "1.0.1",
      "resolved": "https://registry.npmmirror.com/css-styled/-/css-styled-1.0.1.tgz",
      "integrity": "sha512-psJCbNDPPusDBWH/gszP6BetPh577QaqpvaysTNPitxX0nxdGiTgELiOCus0gZ0yXk3gvjShBrFP07nvn58/TQ==",
      "requires": {
        "@daybrush/utils": "^1.0.0",
        "string-hash": "^1.1.3"
      }
    },
    "css-to-mat": {
      "version": "1.0.3",
      "resolved": "https://registry.npmmirror.com/css-to-mat/-/css-to-mat-1.0.3.tgz",
      "integrity": "sha512-HADRhVqPc8wFqEp6ClK+uuPYg+FMBinNo2ReLyI/KQCncmHPJ60o5zldyJG7NjsTqXWbdfGJO51jnoxfMvWJiA==",
      "requires": {
        "@daybrush/utils": "^1.3.1",
        "@scena/matrix": "^1.0.0"
      }
    },
    "csstype": {
      "version": "2.6.21",
      "resolved": "https://registry.npmmirror.com/csstype/-/csstype-2.6.21.tgz",
      "integrity": "sha512-Z1PhmomIfypOpoMjRQB70jfvy/wxT50qW08YXO5lMIJkrdq4yOTR+AW7FqutScmB9NkLwxo+jU+kZLbofZZq/w=="
    },
    "estree-walker": {
      "version": "2.0.2",
      "resolved": "https://registry.npmmirror.com/estree-walker/-/estree-walker-2.0.2.tgz",
      "integrity": "sha512-Rfkk/Mp/DL7JVje3u18FxFujQlTNR2q6QfMSMB7AvCBx91NGj/ba3kCfza0f6dVDbw7YlRf/nDrn7pQrCCyQ/w=="
    },
    "framework-utils": {
      "version": "1.1.0",
      "resolved": "https://registry.npmmirror.com/framework-utils/-/framework-utils-1.1.0.tgz",
      "integrity": "sha512-KAfqli5PwpFJ8o3psRNs8svpMGyCSAe8nmGcjQ0zZBWN2H6dZDnq+ABp3N3hdUmFeMrLtjOCTXD4yplUJIWceg=="
    },
    "gesto": {
      "version": "1.14.0",
      "resolved": "https://registry.npmmirror.com/gesto/-/gesto-1.14.0.tgz",
      "integrity": "sha512-b89RyxAQb65t0HVJHPWi1+Ren66QoMaXpV5do3k7LRJAwunESYlJr520/4pNrMQGUkqopLMZjEceUE2uBqcgeQ==",
      "requires": {
        "@daybrush/utils": "^1.7.1",
        "@scena/event-emitter": "^1.0.2"
      }
    },
    "magic-string": {
      "version": "0.25.9",
      "resolved": "https://registry.npmmirror.com/magic-string/-/magic-string-0.25.9.tgz",
      "integrity": "sha512-RmF0AsMzgt25qzqqLc1+MbHmhdx0ojF2Fvs4XnOqz2ZOBXzzkEwc/dJQZCYHAn7v1jbVOjAZfK8msRn4BxO4VQ==",
      "requires": {
        "sourcemap-codec": "^1.4.8"
      }
    },
    "moveable": {
      "version": "0.41.0",
      "resolved": "https://registry.npmmirror.com/moveable/-/moveable-0.41.0.tgz",
      "integrity": "sha512-n6diMaRdB66CrF+ywLfOBk9lzgKDXWfsi3lzygvOSq7CohtGn9uJlIemevnZyf4UyLuwAmpI7wbnZr+DTvrq6Q==",
      "requires": {
        "@scena/event-emitter": "^1.0.5",
        "react-compat-moveable": "~0.29.0",
        "react-moveable": "~0.44.0",
        "react-simple-compat": "^1.2.3"
      }
    },
    "nanoid": {
      "version": "3.3.4",
      "resolved": "https://registry.npmmirror.com/nanoid/-/nanoid-3.3.4.tgz",
      "integrity": "sha512-MqBkQh/OHTS2egovRtLk45wEyNXwF+cokD+1YPf9u5VfJiRdAiRwB2froX5Co9Rh20xs4siNPm8naNotSD6RBw=="
    },
    "overlap-area": {
      "version": "1.1.0",
      "resolved": "https://registry.npmmirror.com/overlap-area/-/overlap-area-1.1.0.tgz",
      "integrity": "sha512-3dlJgJCaVeXH0/eZjYVJvQiLVVrPO4U1ZGqlATtx6QGO3b5eNM6+JgUKa7oStBTdYuGTk7gVoABCW6Tp+dhRdw==",
      "requires": {
        "@daybrush/utils": "^1.7.1"
      }
    },
    "picocolors": {
      "version": "1.0.0",
      "resolved": "https://registry.npmmirror.com/picocolors/-/picocolors-1.0.0.tgz",
      "integrity": "sha512-1fygroTLlHu66zi26VoTDv8yRgm0Fccecssto+MhsZ0D/DGW2sm8E8AjW7NU5VVTRt5GxbeZ5qBuJr+HyLYkjQ=="
    },
    "postcss": {
      "version": "8.4.19",
      "resolved": "https://registry.npmmirror.com/postcss/-/postcss-8.4.19.tgz",
      "integrity": "sha512-h+pbPsyhlYj6N2ozBmHhHrs9DzGmbaarbLvWipMRO7RLS+v4onj26MPFXA5OBYFxyqYhUJK456SwDcY9H2/zsA==",
      "requires": {
        "nanoid": "^3.3.4",
        "picocolors": "^1.0.0",
        "source-map-js": "^1.0.2"
      }
    },
    "react-compat-css-styled": {
      "version": "1.0.9",
      "resolved": "https://registry.npmmirror.com/react-compat-css-styled/-/react-compat-css-styled-1.0.9.tgz",
      "integrity": "sha512-YpUgTpXU1wR58aPQJVGAWq6QeEFWkafV0qq4Y8KRUwpQJLbJF2GYu5ZQ/kafHGvN3dqQX2e340NlNZ+zbZZv2w==",
      "requires": {
        "@daybrush/utils": "^1.0.0",
        "css-styled": "^1.0.0",
        "framework-utils": "^1.1.0",
        "react-css-styled": "~1.0.4"
      }
    },
    "react-compat-moveable": {
      "version": "0.29.0",
      "resolved": "https://registry.npmmirror.com/react-compat-moveable/-/react-compat-moveable-0.29.0.tgz",
      "integrity": "sha512-VhNLPaeHDyUEPsAjJ/bIORzIboYS9ivZepD7j2t3FpCYz7V9Rt9aluvEaPYiLPPrvNo96UBgYE2ym+JNAaY2cQ==",
      "requires": {
        "@daybrush/utils": "^1.10.0",
        "@egjs/agent": "^2.2.1",
        "@egjs/children-differ": "^1.0.1",
        "@egjs/list-differ": "^1.0.0",
        "@scena/dragscroll": "^1.3.0",
        "@scena/event-emitter": "^1.0.5",
        "@scena/matrix": "^1.1.1",
        "css-to-mat": "^1.0.3",
        "framework-utils": "^1.1.0",
        "gesto": "^1.14.0",
        "overlap-area": "^1.1.0",
        "react-compat-css-styled": "^1.0.9",
        "react-css-styled": "^1.0.4",
        "react-moveable": "~0.44.0"
      }
    },
    "react-css-styled": {
      "version": "1.0.4",
      "resolved": "https://registry.npmmirror.com/react-css-styled/-/react-css-styled-1.0.4.tgz",
      "integrity": "sha512-nRske1bAKOCaf7Gf3o76tKQFIYggaW1qH4rutBlitH5lYnRPA7WoAYKrcxqdUPZd00oASg3SvFZSh3Mc1Wvj3w==",
      "requires": {
        "css-styled": "~1.0.1",
        "framework-utils": "^1.1.0"
      }
    },
    "react-moveable": {
      "version": "0.44.0",
      "resolved": "https://registry.npmmirror.com/react-moveable/-/react-moveable-0.44.0.tgz",
      "integrity": "sha512-r8e33GH0voiw7bTBfPqgf1ZpVrpWc0Ek/wGU4cTH8gmgEA0F2mi30h3bhccu8Ti6qWDkEqHh09ZHpuIY2ks+3A==",
      "requires": {
        "@daybrush/utils": "^1.10.0",
        "@egjs/agent": "^2.2.1",
        "@egjs/children-differ": "^1.0.1",
        "@egjs/list-differ": "^1.0.0",
        "@scena/dragscroll": "^1.3.0",
        "@scena/event-emitter": "^1.0.5",
        "@scena/matrix": "^1.1.1",
        "css-to-mat": "^1.0.3",
        "framework-utils": "^1.1.0",
        "gesto": "^1.14.0",
        "overlap-area": "^1.1.0",
        "react-css-styled": "^1.0.4"
      }
    },
    "react-simple-compat": {
      "version": "1.2.3",
      "resolved": "https://registry.npmmirror.com/react-simple-compat/-/react-simple-compat-1.2.3.tgz",
      "integrity": "sha512-vYepRjSriGRyEmFtSsTQoHWVQRbBMYR4ONATeZtuf8GDY8jWGkc6R4+lIb5rVhPBIkx3ru68bpl+9r8V4YA/nA==",
      "requires": {
        "@daybrush/utils": "^1.0.0",
        "@egjs/list-differ": "^1.0.0"
      }
    },
    "source-map": {
      "version": "0.6.1",
      "resolved": "https://registry.npmmirror.com/source-map/-/source-map-0.6.1.tgz",
      "integrity": "sha512-UjgapumWlbMhkBgzT7Ykc5YXUT46F0iKu8SGXq0bcwP5dz/h0Plj6enJqjz1Zbq2l5WaqYnrVbwWOWMyF3F47g=="
    },
    "source-map-js": {
      "version": "1.0.2",
      "resolved": "https://registry.npmmirror.com/source-map-js/-/source-map-js-1.0.2.tgz",
      "integrity": "sha512-R0XvVJ9WusLiqTCEiGCmICCMplcCkIwwR11mOSD9CR5u+IXYdiseeEuXCVAjS54zqwkLcPNnmU4OeJ6tUrWhDw=="
    },
    "sourcemap-codec": {
      "version": "1.4.8",
      "resolved": "https://registry.npmmirror.com/sourcemap-codec/-/sourcemap-codec-1.4.8.tgz",
      "integrity": "sha512-9NykojV5Uih4lgo5So5dtw+f0JgJX30KCNI8gwhz2J9A15wD0Ml6tjHKwf6fTSa6fAdVBdZeNOs9eJ71qCk8vA=="
    },
    "string-hash": {
      "version": "1.1.3",
      "resolved": "https://registry.npmmirror.com/string-hash/-/string-hash-1.1.3.tgz",
      "integrity": "sha512-kJUvRUFK49aub+a7T1nNE66EJbZBMnBgoC1UbCZ5n6bsZKBRga4KgBRTMn/pFkeCZSYtNeSyMxPDM0AXWELk2A=="
    },
    "vue": {
      "version": "3.2.45",
      "resolved": "https://registry.npmmirror.com/vue/-/vue-3.2.45.tgz",
      "integrity": "sha512-9Nx/Mg2b2xWlXykmCwiTUCWHbWIj53bnkizBxKai1g61f2Xit700A1ljowpTIM11e3uipOeiPcSqnmBg6gyiaA==",
      "requires": {
        "@vue/compiler-dom": "3.2.45",
        "@vue/compiler-sfc": "3.2.45",
        "@vue/runtime-dom": "3.2.45",
        "@vue/server-renderer": "3.2.45",
        "@vue/shared": "3.2.45"
      }
    },
    "vue3-moveable": {
      "version": "0.16.0",
      "resolved": "https://registry.npmmirror.com/vue3-moveable/-/vue3-moveable-0.16.0.tgz",
      "integrity": "sha512-M1ZYnP6eClWRXfQePcTso96qy8fqwxrER+icLVX4FdYwFmOoE/D/67nTvB2r7NlbqcO+d2wxzZ1PyNeBMB4sRA==",
      "requires": {
        "framework-utils": "^1.1.0",
        "moveable": "~0.41.0"
      }
    }
  }
}
